
Microsoft Visual Studio Solution File, Format Version 12.00
# Visual Studio Version 17
VisualStudioVersion = 17.5.33414.496
MinimumVisualStudioVersion = 10.0.40219.1
Project("{FAE04EC0-301F-11D3-BF4B-00C04F79EFBC}") = "ManagementVinarie", "ManagementVinarie.csproj", "{AA3D2E4E-EA24-4604-B7D3-FA94276AD167}"
EndProject
Global
	GlobalSection(SolutionConfigurationPlatforms) = preSolution
		Debug|Any CPU = Debug|Any CPU
		Release|Any CPU = Release|Any CPU
	EndGlobalSection
	GlobalSection(ProjectConfigurationPlatforms) = postSolution
		{AA3D2E4E-EA24-4604-B7D3-FA94276AD167}.Debug|Any CPU.ActiveCfg = Debug|Any CPU
		{AA3D2E4E-EA24-4604-B7D3-FA94276AD167}.Debug|Any CPU.Build.0 = Debug|Any CPU
		{AA3D2E4E-EA24-4604-B7D3-FA94276AD167}.Release|Any CPU.ActiveCfg = Release|Any CPU
		{AA3D2E4E-EA24-4604-B7D3-FA94276AD167}.Release|Any CPU.Build.0 = Release|Any CPU
	EndGlobalSection
	GlobalSection(SolutionProperties) = preSolution
		HideSolutionNode = FALSE
	EndGlobalSection
	GlobalSection(ExtensibilityGlobals) = postSolution
		SolutionGuid = {946EACB0-34F3-4C72-B376-B7E3B940DE45}
	EndGlobalSection
EndGlobal
